
Microsoft Visual Studio Solution File, Format Version 12.00
# Visual Studio Version 17
VisualStudioVersion = 17.7.34024.191
MinimumVisualStudioVersion = 10.0.40219.1
Project("{FAE04EC0-301F-11D3-BF4B-00C04F79EFBC}") = "Static Classes vs Singleton Design Pattern", "Static Classes vs Singleton Design Pattern\Static Classes vs Singleton Design Pattern.csproj", "{79B418F0-B37E-4718-9E26-311D605F9291}"
EndProject
Global
	GlobalSection(SolutionConfigurationPlatforms) = preSolution
		Debug|Any CPU = Debug|Any CPU
		Release|Any CPU = Release|Any CPU
	EndGlobalSection
	GlobalSection(ProjectConfigurationPlatforms) = postSolution
		{79B418F0-B37E-4718-9E26-311D605F9291}.Debug|Any CPU.ActiveCfg = Debug|Any CPU
		{79B418F0-B37E-4718-9E26-311D605F9291}.Debug|Any CPU.Build.0 = Debug|Any CPU
		{79B418F0-B37E-4718-9E26-311D605F9291}.Release|Any CPU.ActiveCfg = Release|Any CPU
		{79B418F0-B37E-4718-9E26-311D605F9291}.Release|Any CPU.Build.0 = Release|Any CPU
	EndGlobalSection
	GlobalSection(SolutionProperties) = preSolution
		HideSolutionNode = FALSE
	EndGlobalSection
	GlobalSection(ExtensibilityGlobals) = postSolution
		SolutionGuid = {BFE969BA-EC6C-4565-A2DF-16F220E9B845}
	EndGlobalSection
EndGlobal
